{
  "version": "2",
  "remote": {
    "https://deno.land/std@0.191.0/fmt/colors.ts": "d67e3cd9f472535241a8e410d33423980bec45047e343577554d3356e1f0ef4e",
    "https://deno.land/std@0.191.0/testing/_diff.ts": "1a3c044aedf77647d6cac86b798c6417603361b66b54c53331b312caeb447aea",
    "https://deno.land/std@0.191.0/testing/_format.ts": "a69126e8a469009adf4cf2a50af889aca364c349797e63174884a52ff75cf4c7",
    "https://deno.land/std@0.191.0/testing/asserts.ts": "e16d98b4d73ffc4ed498d717307a12500ae4f2cbe668f1a215632d19fcffc22f"
  },
  "npm": {
    "specifiers": {
      "@graphql-tools/schema@10.0.0": "@graphql-tools/schema@10.0.0_graphql@16.6.0",
      "@graphql-tools/utils@10.0.1": "@graphql-tools/utils@10.0.1_graphql@16.6.0",
      "graphql-middleware@6.1.34": "graphql-middleware@6.1.34_graphql@16.6.0",
      "graphql-scalars@1.22.2": "graphql-scalars@1.22.2_graphql@16.6.0",
      "graphql@16.6.0": "graphql@16.6.0"
    },
    "packages": {
      "@graphql-tools/batch-execute@8.5.1_graphql@16.6.0": {
        "integrity": "sha512-hRVDduX0UDEneVyEWtc2nu5H2PxpfSfM/riUlgZvo/a/nG475uyehxR5cFGvTEPEQUKY3vGIlqvtRigzqTfCew==",
        "dependencies": {
          "@graphql-tools/utils": "@graphql-tools/utils@8.9.0_graphql@16.6.0",
          "dataloader": "dataloader@2.1.0",
          "graphql": "graphql@16.6.0",
          "tslib": "tslib@2.5.3",
          "value-or-promise": "value-or-promise@1.0.11"
        }
      },
      "@graphql-tools/delegate@8.8.1_graphql@16.6.0": {
        "integrity": "sha512-NDcg3GEQmdEHlnF7QS8b4lM1PSF+DKeFcIlLEfZFBvVq84791UtJcDj8734sIHLukmyuAxXMfA1qLd2l4lZqzA==",
        "dependencies": {
          "@graphql-tools/batch-execute": "@graphql-tools/batch-execute@8.5.1_graphql@16.6.0",
          "@graphql-tools/schema": "@graphql-tools/schema@8.5.1_graphql@16.6.0",
          "@graphql-tools/utils": "@graphql-tools/utils@8.9.0_graphql@16.6.0",
          "dataloader": "dataloader@2.1.0",
          "graphql": "graphql@16.6.0",
          "tslib": "tslib@2.4.1",
          "value-or-promise": "value-or-promise@1.0.11"
        }
      },
      "@graphql-tools/merge@8.3.1_graphql@16.6.0": {
        "integrity": "sha512-BMm99mqdNZbEYeTPK3it9r9S6rsZsQKtlqJsSBknAclXq2pGEfOxjcIZi+kBSkHZKPKCRrYDd5vY0+rUmIHVLg==",
        "dependencies": {
          "@graphql-tools/utils": "@graphql-tools/utils@8.9.0_graphql@16.6.0",
          "graphql": "graphql@16.6.0",
          "tslib": "tslib@2.5.3"
        }
      },
      "@graphql-tools/merge@9.0.0_graphql@16.6.0": {
        "integrity": "sha512-J7/xqjkGTTwOJmaJQJ2C+VDBDOWJL3lKrHJN4yMaRLAJH3PosB7GiPRaSDZdErs0+F77sH2MKs2haMMkywzx7Q==",
        "dependencies": {
          "@graphql-tools/utils": "@graphql-tools/utils@10.0.1_graphql@16.6.0",
          "graphql": "graphql@16.6.0",
          "tslib": "tslib@2.5.3"
        }
      },
      "@graphql-tools/schema@10.0.0_graphql@16.6.0": {
        "integrity": "sha512-kf3qOXMFcMs2f/S8Y3A8fm/2w+GaHAkfr3Gnhh2LOug/JgpY/ywgFVxO3jOeSpSEdoYcDKLcXVjMigNbY4AdQg==",
        "dependencies": {
          "@graphql-tools/merge": "@graphql-tools/merge@9.0.0_graphql@16.6.0",
          "@graphql-tools/utils": "@graphql-tools/utils@10.0.1_graphql@16.6.0",
          "graphql": "graphql@16.6.0",
          "tslib": "tslib@2.5.3",
          "value-or-promise": "value-or-promise@1.0.12"
        }
      },
      "@graphql-tools/schema@8.5.1_graphql@16.6.0": {
        "integrity": "sha512-0Esilsh0P/qYcB5DKQpiKeQs/jevzIadNTaT0jeWklPMwNbT7yMX4EqZany7mbeRRlSRwMzNzL5olyFdffHBZg==",
        "dependencies": {
          "@graphql-tools/merge": "@graphql-tools/merge@8.3.1_graphql@16.6.0",
          "@graphql-tools/utils": "@graphql-tools/utils@8.9.0_graphql@16.6.0",
          "graphql": "graphql@16.6.0",
          "tslib": "tslib@2.5.3",
          "value-or-promise": "value-or-promise@1.0.11"
        }
      },
      "@graphql-tools/utils@10.0.1_graphql@16.6.0": {
        "integrity": "sha512-i1FozbDGHgdsFA47V/JvQZ0FE8NAy0Eiz7HGCJO2MkNdZAKNnwei66gOq0JWYVFztwpwbVQ09GkKhq7Kjcq5Cw==",
        "dependencies": {
          "@graphql-typed-document-node/core": "@graphql-typed-document-node/core@3.2.0_graphql@16.6.0",
          "graphql": "graphql@16.6.0",
          "tslib": "tslib@2.5.3"
        }
      },
      "@graphql-tools/utils@8.9.0_graphql@16.6.0": {
        "integrity": "sha512-pjJIWH0XOVnYGXCqej8g/u/tsfV4LvLlj0eATKQu5zwnxd/TiTHq7Cg313qUPTFFHZ3PP5wJ15chYVtLDwaymg==",
        "dependencies": {
          "graphql": "graphql@16.6.0",
          "tslib": "tslib@2.5.3"
        }
      },
      "@graphql-typed-document-node/core@3.2.0_graphql@16.6.0": {
        "integrity": "sha512-mB9oAsNCm9aM3/SOv4YtBMqZbYj10R7dkq8byBqxGY/ncFwhf2oQzMV+LCRlWoDSEBJ3COiR1yeDvMtsoOsuFQ==",
        "dependencies": {
          "graphql": "graphql@16.6.0"
        }
      },
      "dataloader@2.1.0": {
        "integrity": "sha512-qTcEYLen3r7ojZNgVUaRggOI+KM7jrKxXeSHhogh/TWxYMeONEMqY+hmkobiYQozsGIyg9OYVzO4ZIfoB4I0pQ==",
        "dependencies": {}
      },
      "graphql-middleware@6.1.34_graphql@16.6.0": {
        "integrity": "sha512-cnX6vEQVmfJRUZcek6BaVLA2cD8826WyMskZRiLKNZFxCMPJpwi5MCH86BnmFXtWYeYHO4MwnCcfmKdRKOh0ow==",
        "dependencies": {
          "@graphql-tools/delegate": "@graphql-tools/delegate@8.8.1_graphql@16.6.0",
          "@graphql-tools/schema": "@graphql-tools/schema@8.5.1_graphql@16.6.0",
          "graphql": "graphql@16.6.0"
        }
      },
      "graphql-scalars@1.22.2_graphql@16.6.0": {
        "integrity": "sha512-my9FB4GtghqXqi/lWSVAOPiTzTnnEzdOXCsAC2bb5V7EFNQjVjwy3cSSbUvgYOtDuDibd+ZsCDhz+4eykYOlhQ==",
        "dependencies": {
          "graphql": "graphql@16.6.0",
          "tslib": "tslib@2.5.3"
        }
      },
      "graphql@16.6.0": {
        "integrity": "sha512-KPIBPDlW7NxrbT/eh4qPXz5FiFdL5UbaA0XUNz2Rp3Z3hqBSkbj0GVjwFDztsWVauZUWsbKHgMg++sk8UX0bkw==",
        "dependencies": {}
      },
      "tslib@2.4.1": {
        "integrity": "sha512-tGyy4dAjRIEwI7BzsB0lynWgOpfqjUdq91XXAlIWD2OwKBH7oCl/GZG/HT4BOHrTlPMOASlMQ7veyTqpmRcrNA==",
        "dependencies": {}
      },
      "tslib@2.5.3": {
        "integrity": "sha512-mSxlJJwl3BMEQCUNnxXBU9jP4JBktcEGhURcPR6VQVlnP0FdDEsIaz0C35dXNGLyRfrATNofF0F5p2KPxQgB+w==",
        "dependencies": {}
      },
      "value-or-promise@1.0.11": {
        "integrity": "sha512-41BrgH+dIbCFXClcSapVs5M6GkENd3gQOJpEfPDNa71LsUGMXDL0jMWpI/Rh7WhX+Aalfz2TTS3Zt5pUsbnhLg==",
        "dependencies": {}
      },
      "value-or-promise@1.0.12": {
        "integrity": "sha512-Z6Uz+TYwEqE7ZN50gwn+1LCVo9ZVrpxRPOhOLnncYkY1ZzOYtrX8Fwf/rFktZ8R5mJms6EZf5TqNOMeZmnPq9Q==",
        "dependencies": {}
      }
    }
  }
}
